// !$*UTF8*$!
{
	archiveVersion = 1;
	classes = {
	};
	objectVersion = 56;
	objects = {

/* Begin PBXBuildFile section */
		2BF37F882A98B25C00BD887D /* AppDelegate.swift in Sources */ = {isa = PBXBuildFile; fileRef = 2BF37F872A98B25C00BD887D /* AppDelegate.swift */; };
		2BF37F8A2A98B25C00BD887D /* SceneDelegate.swift in Sources */ = {isa = PBXBuildFile; fileRef = 2BF37F892A98B25C00BD887D /* SceneDelegate.swift */; };
		2BF37F8C2A98B25C00BD887D /* ProductListViewController.swift in Sources */ = {isa = PBXBuildFile; fileRef = 2BF37F8B2A98B25C00BD887D /* ProductListViewController.swift */; };
		2BF37F912A98B26000BD887D /* Assets.xcassets in Resources */ = {isa = PBXBuildFile; fileRef = 2BF37F902A98B26000BD887D /* Assets.xcassets */; };
		2BF37F942A98B26000BD887D /* LaunchScreen.storyboard in Resources */ = {isa = PBXBuildFile; fileRef = 2BF37F922A98B26000BD887D /* LaunchScreen.storyboard */; };
		F34112152A9E79D3008E96E3 /* AppCoordinator.swift in Sources */ = {isa = PBXBuildFile; fileRef = F34112142A9E79D3008E96E3 /* AppCoordinator.swift */; };
		F34112172A9E7BDB008E96E3 /* ProductListAssembly.swift in Sources */ = {isa = PBXBuildFile; fileRef = F34112162A9E7BDB008E96E3 /* ProductListAssembly.swift */; };
		F341121A2A9E7DCF008E96E3 /* ProductListPresenter.swift in Sources */ = {isa = PBXBuildFile; fileRef = F34112192A9E7DCF008E96E3 /* ProductListPresenter.swift */; };
		F341121C2A9E7E23008E96E3 /* ProductListContracts.swift in Sources */ = {isa = PBXBuildFile; fileRef = F341121B2A9E7E23008E96E3 /* ProductListContracts.swift */; };
		F341121E2A9EAC45008E96E3 /* DetailsContracts.swift in Sources */ = {isa = PBXBuildFile; fileRef = F341121D2A9EAC45008E96E3 /* DetailsContracts.swift */; };
		F34112232A9F5E6D008E96E3 /* Product.swift in Sources */ = {isa = PBXBuildFile; fileRef = F34112222A9F5E6D008E96E3 /* Product.swift */; };
		F34112252AA089C4008E96E3 /* URLSession.swift in Sources */ = {isa = PBXBuildFile; fileRef = F34112242AA089C4008E96E3 /* URLSession.swift */; };
		F34112272AA08A32008E96E3 /* NetworkingService.swift in Sources */ = {isa = PBXBuildFile; fileRef = F34112262AA08A32008E96E3 /* NetworkingService.swift */; };
		F34112292AA08AED008E96E3 /* DefaultNetworkingService.swift in Sources */ = {isa = PBXBuildFile; fileRef = F34112282AA08AED008E96E3 /* DefaultNetworkingService.swift */; };
		F341122B2AA0927A008E96E3 /* NetworkingServiceMock.swift in Sources */ = {isa = PBXBuildFile; fileRef = F341122A2AA0927A008E96E3 /* NetworkingServiceMock.swift */; };
		F341122D2AA0ABDE008E96E3 /* ProductCollectionView.swift in Sources */ = {isa = PBXBuildFile; fileRef = F341122C2AA0ABDE008E96E3 /* ProductCollectionView.swift */; };
		F341122F2AA0AC13008E96E3 /* ProductViewCell.swift in Sources */ = {isa = PBXBuildFile; fileRef = F341122E2AA0AC13008E96E3 /* ProductViewCell.swift */; };
		F34112322AA10A91008E96E3 /* Date.swift in Sources */ = {isa = PBXBuildFile; fileRef = F34112312AA10A91008E96E3 /* Date.swift */; };
/* End PBXBuildFile section */

/* Begin PBXFileReference section */
		2BF37F842A98B25C00BD887D /* AvitoAssignment.app */ = {isa = PBXFileReference; explicitFileType = wrapper.application; includeInIndex = 0; path = AvitoAssignment.app; sourceTree = BUILT_PRODUCTS_DIR; };
		2BF37F872A98B25C00BD887D /* AppDelegate.swift */ = {isa = PBXFileReference; lastKnownFileType = sourcecode.swift; path = AppDelegate.swift; sourceTree = "<group>"; };
		2BF37F892A98B25C00BD887D /* SceneDelegate.swift */ = {isa = PBXFileReference; lastKnownFileType = sourcecode.swift; path = SceneDelegate.swift; sourceTree = "<group>"; };
		2BF37F8B2A98B25C00BD887D /* ProductListViewController.swift */ = {isa = PBXFileReference; lastKnownFileType = sourcecode.swift; path = ProductListViewController.swift; sourceTree = "<group>"; };
		2BF37F902A98B26000BD887D /* Assets.xcassets */ = {isa = PBXFileReference; lastKnownFileType = folder.assetcatalog; path = Assets.xcassets; sourceTree = "<group>"; };
		2BF37F932A98B26000BD887D /* Base */ = {isa = PBXFileReference; lastKnownFileType = file.storyboard; name = Base; path = Base.lproj/LaunchScreen.storyboard; sourceTree = "<group>"; };
		2BF37F952A98B26000BD887D /* Info.plist */ = {isa = PBXFileReference; lastKnownFileType = text.plist.xml; path = Info.plist; sourceTree = "<group>"; };
		F34112142A9E79D3008E96E3 /* AppCoordinator.swift */ = {isa = PBXFileReference; lastKnownFileType = sourcecode.swift; path = AppCoordinator.swift; sourceTree = "<group>"; };
		F34112162A9E7BDB008E96E3 /* ProductListAssembly.swift */ = {isa = PBXFileReference; lastKnownFileType = sourcecode.swift; path = ProductListAssembly.swift; sourceTree = "<group>"; };
		F34112192A9E7DCF008E96E3 /* ProductListPresenter.swift */ = {isa = PBXFileReference; lastKnownFileType = sourcecode.swift; path = ProductListPresenter.swift; sourceTree = "<group>"; };
		F341121B2A9E7E23008E96E3 /* ProductListContracts.swift */ = {isa = PBXFileReference; lastKnownFileType = sourcecode.swift; path = ProductListContracts.swift; sourceTree = "<group>"; };
		F341121D2A9EAC45008E96E3 /* DetailsContracts.swift */ = {isa = PBXFileReference; lastKnownFileType = sourcecode.swift; path = DetailsContracts.swift; sourceTree = "<group>"; };
		F34112222A9F5E6D008E96E3 /* Product.swift */ = {isa = PBXFileReference; lastKnownFileType = sourcecode.swift; path = Product.swift; sourceTree = "<group>"; };
		F34112242AA089C4008E96E3 /* URLSession.swift */ = {isa = PBXFileReference; lastKnownFileType = sourcecode.swift; path = URLSession.swift; sourceTree = "<group>"; };
		F34112262AA08A32008E96E3 /* NetworkingService.swift */ = {isa = PBXFileReference; lastKnownFileType = sourcecode.swift; path = NetworkingService.swift; sourceTree = "<group>"; };
		F34112282AA08AED008E96E3 /* DefaultNetworkingService.swift */ = {isa = PBXFileReference; lastKnownFileType = sourcecode.swift; path = DefaultNetworkingService.swift; sourceTree = "<group>"; };
		F341122A2AA0927A008E96E3 /* NetworkingServiceMock.swift */ = {isa = PBXFileReference; lastKnownFileType = sourcecode.swift; path = NetworkingServiceMock.swift; sourceTree = "<group>"; };
		F341122C2AA0ABDE008E96E3 /* ProductCollectionView.swift */ = {isa = PBXFileReference; lastKnownFileType = sourcecode.swift; path = ProductCollectionView.swift; sourceTree = "<group>"; };
		F341122E2AA0AC13008E96E3 /* ProductViewCell.swift */ = {isa = PBXFileReference; lastKnownFileType = sourcecode.swift; path = ProductViewCell.swift; sourceTree = "<group>"; };
		F34112312AA10A91008E96E3 /* Date.swift */ = {isa = PBXFileReference; lastKnownFileType = sourcecode.swift; path = Date.swift; sourceTree = "<group>"; };
/* End PBXFileReference section */

/* Begin PBXFrameworksBuildPhase section */
		2BF37F812A98B25C00BD887D /* Frameworks */ = {
			isa = PBXFrameworksBuildPhase;
			buildActionMask = 2147483647;
			files = (
			);
			runOnlyForDeploymentPostprocessing = 0;
		};
/* End PBXFrameworksBuildPhase section */

/* Begin PBXGroup section */
		2BF37F7B2A98B25C00BD887D = {
			isa = PBXGroup;
			children = (
				2BF37F862A98B25C00BD887D /* AvitoAssignment */,
				2BF37F852A98B25C00BD887D /* Products */,
			);
			sourceTree = "<group>";
		};
		2BF37F852A98B25C00BD887D /* Products */ = {
			isa = PBXGroup;
			children = (
				2BF37F842A98B25C00BD887D /* AvitoAssignment.app */,
			);
			name = Products;
			sourceTree = "<group>";
		};
		2BF37F862A98B25C00BD887D /* AvitoAssignment */ = {
			isa = PBXGroup;
			children = (
				F34112302AA10A85008E96E3 /* Extentions */,
				F34112212A9F5E5B008E96E3 /* Models */,
				F34112132A9E766F008E96E3 /* Networking */,
				F34112122A9E73A6008E96E3 /* Coordinator */,
				F34112072A9E163D008E96E3 /* Screens */,
				2BF37F872A98B25C00BD887D /* AppDelegate.swift */,
				2BF37F892A98B25C00BD887D /* SceneDelegate.swift */,
				2BF37F902A98B26000BD887D /* Assets.xcassets */,
				2BF37F922A98B26000BD887D /* LaunchScreen.storyboard */,
				2BF37F952A98B26000BD887D /* Info.plist */,
			);
			path = AvitoAssignment;
			sourceTree = "<group>";
		};
		F34112072A9E163D008E96E3 /* Screens */ = {
			isa = PBXGroup;
			children = (
				F34112092A9E1676008E96E3 /* Details */,
				F34112082A9E164F008E96E3 /* ProductList */,
			);
			path = Screens;
			sourceTree = "<group>";
		};
		F34112082A9E164F008E96E3 /* ProductList */ = {
			isa = PBXGroup;
			children = (
				F341120D2A9E72A9008E96E3 /* Contracts */,
				F341120C2A9E7296008E96E3 /* Presenter */,
				F341120B2A9E7254008E96E3 /* Assembly */,
				F341120A2A9E723F008E96E3 /* View */,
			);
			path = ProductList;
			sourceTree = "<group>";
		};
		F34112092A9E1676008E96E3 /* Details */ = {
			isa = PBXGroup;
			children = (
				F34112112A9E72D9008E96E3 /* View */,
				F34112102A9E72D4008E96E3 /* Assembly */,
				F341120F2A9E72CD008E96E3 /* Presenter */,
				F341120E2A9E72C2008E96E3 /* Contracts */,
			);
			path = Details;
			sourceTree = "<group>";
		};
		F341120A2A9E723F008E96E3 /* View */ = {
			isa = PBXGroup;
			children = (
				2BF37F8B2A98B25C00BD887D /* ProductListViewController.swift */,
				F341122C2AA0ABDE008E96E3 /* ProductCollectionView.swift */,
				F341122E2AA0AC13008E96E3 /* ProductViewCell.swift */,
			);
			path = View;
			sourceTree = "<group>";
		};
		F341120B2A9E7254008E96E3 /* Assembly */ = {
			isa = PBXGroup;
			children = (
				F34112162A9E7BDB008E96E3 /* ProductListAssembly.swift */,
			);
			path = Assembly;
			sourceTree = "<group>";
		};
		F341120C2A9E7296008E96E3 /* Presenter */ = {
			isa = PBXGroup;
			children = (
				F34112192A9E7DCF008E96E3 /* ProductListPresenter.swift */,
			);
			path = Presenter;
			sourceTree = "<group>";
		};
		F341120D2A9E72A9008E96E3 /* Contracts */ = {
			isa = PBXGroup;
			children = (
				F341121B2A9E7E23008E96E3 /* ProductListContracts.swift */,
			);
			path = Contracts;
			sourceTree = "<group>";
		};
		F341120E2A9E72C2008E96E3 /* Contracts */ = {
			isa = PBXGroup;
			children = (
				F341121D2A9EAC45008E96E3 /* DetailsContracts.swift */,
			);
			path = Contracts;
			sourceTree = "<group>";
		};
		F341120F2A9E72CD008E96E3 /* Presenter */ = {
			isa = PBXGroup;
			children = (
			);
			path = Presenter;
			sourceTree = "<group>";
		};
		F34112102A9E72D4008E96E3 /* Assembly */ = {
			isa = PBXGroup;
			children = (
			);
			path = Assembly;
			sourceTree = "<group>";
		};
		F34112112A9E72D9008E96E3 /* View */ = {
			isa = PBXGroup;
			children = (
			);
			path = View;
			sourceTree = "<group>";
		};
		F34112122A9E73A6008E96E3 /* Coordinator */ = {
			isa = PBXGroup;
			children = (
				F34112142A9E79D3008E96E3 /* AppCoordinator.swift */,
			);
			path = Coordinator;
			sourceTree = "<group>";
		};
		F34112132A9E766F008E96E3 /* Networking */ = {
			isa = PBXGroup;
			children = (
				F34112242AA089C4008E96E3 /* URLSession.swift */,
				F34112262AA08A32008E96E3 /* NetworkingService.swift */,
				F34112282AA08AED008E96E3 /* DefaultNetworkingService.swift */,
				F341122A2AA0927A008E96E3 /* NetworkingServiceMock.swift */,
			);
			path = Networking;
			sourceTree = "<group>";
		};
		F34112212A9F5E5B008E96E3 /* Models */ = {
			isa = PBXGroup;
			children = (
				F34112222A9F5E6D008E96E3 /* Product.swift */,
			);
			path = Models;
			sourceTree = "<group>";
		};
		F34112302AA10A85008E96E3 /* Extentions */ = {
			isa = PBXGroup;
			children = (
				F34112312AA10A91008E96E3 /* Date.swift */,
			);
			path = Extentions;
			sourceTree = "<group>";
		};
/* End PBXGroup section */

/* Begin PBXNativeTarget section */
		2BF37F832A98B25C00BD887D /* AvitoAssignment */ = {
			isa = PBXNativeTarget;
			buildConfigurationList = 2BF37F982A98B26000BD887D /* Build configuration list for PBXNativeTarget "AvitoAssignment" */;
			buildPhases = (
				2BF37F802A98B25C00BD887D /* Sources */,
				2BF37F812A98B25C00BD887D /* Frameworks */,
				2BF37F822A98B25C00BD887D /* Resources */,
			);
			buildRules = (
			);
			dependencies = (
			);
			name = AvitoAssignment;
			productName = AvitoAssignment;
			productReference = 2BF37F842A98B25C00BD887D /* AvitoAssignment.app */;
			productType = "com.apple.product-type.application";
		};
/* End PBXNativeTarget section */

/* Begin PBXProject section */
		2BF37F7C2A98B25C00BD887D /* Project object */ = {
			isa = PBXProject;
			attributes = {
				BuildIndependentTargetsInParallel = 1;
				LastSwiftUpdateCheck = 1430;
				LastUpgradeCheck = 1430;
				TargetAttributes = {
					2BF37F832A98B25C00BD887D = {
						CreatedOnToolsVersion = 14.3.1;
					};
				};
			};
			buildConfigurationList = 2BF37F7F2A98B25C00BD887D /* Build configuration list for PBXProject "AvitoAssignment" */;
			compatibilityVersion = "Xcode 14.0";
			developmentRegion = en;
			hasScannedForEncodings = 0;
			knownRegions = (
				en,
				Base,
			);
			mainGroup = 2BF37F7B2A98B25C00BD887D;
			productRefGroup = 2BF37F852A98B25C00BD887D /* Products */;
			projectDirPath = "";
			projectRoot = "";
			targets = (
				2BF37F832A98B25C00BD887D /* AvitoAssignment */,
			);
		};
/* End PBXProject section */

/* Begin PBXResourcesBuildPhase section */
		2BF37F822A98B25C00BD887D /* Resources */ = {
			isa = PBXResourcesBuildPhase;
			buildActionMask = 2147483647;
			files = (
				2BF37F942A98B26000BD887D /* LaunchScreen.storyboard in Resources */,
				2BF37F912A98B26000BD887D /* Assets.xcassets in Resources */,
			);
			runOnlyForDeploymentPostprocessing = 0;
		};
/* End PBXResourcesBuildPhase section */

/* Begin PBXSourcesBuildPhase section */
		2BF37F802A98B25C00BD887D /* Sources */ = {
			isa = PBXSourcesBuildPhase;
			buildActionMask = 2147483647;
			files = (
				F341121E2A9EAC45008E96E3 /* DetailsContracts.swift in Sources */,
				F34112152A9E79D3008E96E3 /* AppCoordinator.swift in Sources */,
				F34112252AA089C4008E96E3 /* URLSession.swift in Sources */,
				F34112322AA10A91008E96E3 /* Date.swift in Sources */,
				F34112292AA08AED008E96E3 /* DefaultNetworkingService.swift in Sources */,
				F341122D2AA0ABDE008E96E3 /* ProductCollectionView.swift in Sources */,
				F34112172A9E7BDB008E96E3 /* ProductListAssembly.swift in Sources */,
				F341122B2AA0927A008E96E3 /* NetworkingServiceMock.swift in Sources */,
				2BF37F8C2A98B25C00BD887D /* ProductListViewController.swift in Sources */,
				2BF37F882A98B25C00BD887D /* AppDelegate.swift in Sources */,
				F341121A2A9E7DCF008E96E3 /* ProductListPresenter.swift in Sources */,
				F34112272AA08A32008E96E3 /* NetworkingService.swift in Sources */,
				F341121C2A9E7E23008E96E3 /* ProductListContracts.swift in Sources */,
				F341122F2AA0AC13008E96E3 /* ProductViewCell.swift in Sources */,
				F34112232A9F5E6D008E96E3 /* Product.swift in Sources */,
				2BF37F8A2A98B25C00BD887D /* SceneDelegate.swift in Sources */,
			);
			runOnlyForDeploymentPostprocessing = 0;
		};
/* End PBXSourcesBuildPhase section */

/* Begin PBXVariantGroup section */
		2BF37F922A98B26000BD887D /* LaunchScreen.storyboard */ = {
			isa = PBXVariantGroup;
			children = (
				2BF37F932A98B26000BD887D /* Base */,
			);
			name = LaunchScreen.storyboard;
			sourceTree = "<group>";
		};
/* End PBXVariantGroup section */

/* Begin XCBuildConfiguration section */
		2BF37F962A98B26000BD887D /* Debug */ = {
			isa = XCBuildConfiguration;
			buildSettings = {
				ALWAYS_SEARCH_USER_PATHS = NO;
				CLANG_ANALYZER_NONNULL = YES;
				CLANG_ANALYZER_NUMBER_OBJECT_CONVERSION = YES_AGGRESSIVE;
				CLANG_CXX_LANGUAGE_STANDARD = "gnu++20";
				CLANG_ENABLE_MODULES = YES;
				CLANG_ENABLE_OBJC_ARC = YES;
				CLANG_ENABLE_OBJC_WEAK = YES;
				CLANG_WARN_BLOCK_CAPTURE_AUTORELEASING = YES;
				CLANG_WARN_BOOL_CONVERSION = YES;
				CLANG_WARN_COMMA = YES;
				CLANG_WARN_CONSTANT_CONVERSION = YES;
				CLANG_WARN_DEPRECATED_OBJC_IMPLEMENTATIONS = YES;
				CLANG_WARN_DIRECT_OBJC_ISA_USAGE = YES_ERROR;
				CLANG_WARN_DOCUMENTATION_COMMENTS = YES;
				CLANG_WARN_EMPTY_BODY = YES;
				CLANG_WARN_ENUM_CONVERSION = YES;
				CLANG_WARN_INFINITE_RECURSION = YES;
				CLANG_WARN_INT_CONVERSION = YES;
				CLANG_WARN_NON_LITERAL_NULL_CONVERSION = YES;
				CLANG_WARN_OBJC_IMPLICIT_RETAIN_SELF = YES;
				CLANG_WARN_OBJC_LITERAL_CONVERSION = YES;
				CLANG_WARN_OBJC_ROOT_CLASS = YES_ERROR;
				CLANG_WARN_QUOTED_INCLUDE_IN_FRAMEWORK_HEADER = YES;
				CLANG_WARN_RANGE_LOOP_ANALYSIS = YES;
				CLANG_WARN_STRICT_PROTOTYPES = YES;
				CLANG_WARN_SUSPICIOUS_MOVE = YES;
				CLANG_WARN_UNGUARDED_AVAILABILITY = YES_AGGRESSIVE;
				CLANG_WARN_UNREACHABLE_CODE = YES;
				CLANG_WARN__DUPLICATE_METHOD_MATCH = YES;
				COPY_PHASE_STRIP = NO;
				DEBUG_INFORMATION_FORMAT = dwarf;
				ENABLE_STRICT_OBJC_MSGSEND = YES;
				ENABLE_TESTABILITY = YES;
				GCC_C_LANGUAGE_STANDARD = gnu11;
				GCC_DYNAMIC_NO_PIC = NO;
				GCC_NO_COMMON_BLOCKS = YES;
				GCC_OPTIMIZATION_LEVEL = 0;
				GCC_PREPROCESSOR_DEFINITIONS = (
					"DEBUG=1",
					"$(inherited)",
				);
				GCC_WARN_64_TO_32_BIT_CONVERSION = YES;
				GCC_WARN_ABOUT_RETURN_TYPE = YES_ERROR;
				GCC_WARN_UNDECLARED_SELECTOR = YES;
				GCC_WARN_UNINITIALIZED_AUTOS = YES_AGGRESSIVE;
				GCC_WARN_UNUSED_FUNCTION = YES;
				GCC_WARN_UNUSED_VARIABLE = YES;
				IPHONEOS_DEPLOYMENT_TARGET = 16.4;
				MTL_ENABLE_DEBUG_INFO = INCLUDE_SOURCE;
				MTL_FAST_MATH = YES;
				ONLY_ACTIVE_ARCH = YES;
				SDKROOT = iphoneos;
				SWIFT_ACTIVE_COMPILATION_CONDITIONS = DEBUG;
				SWIFT_OPTIMIZATION_LEVEL = "-Onone";
			};
			name = Debug;
		};
		2BF37F972A98B26000BD887D /* Release */ = {
			isa = XCBuildConfiguration;
			buildSettings = {
				ALWAYS_SEARCH_USER_PATHS = NO;
				CLANG_ANALYZER_NONNULL = YES;
				CLANG_ANALYZER_NUMBER_OBJECT_CONVERSION = YES_AGGRESSIVE;
				CLANG_CXX_LANGUAGE_STANDARD = "gnu++20";
				CLANG_ENABLE_MODULES = YES;
				CLANG_ENABLE_OBJC_ARC = YES;
				CLANG_ENABLE_OBJC_WEAK = YES;
				CLANG_WARN_BLOCK_CAPTURE_AUTORELEASING = YES;
				CLANG_WARN_BOOL_CONVERSION = YES;
				CLANG_WARN_COMMA = YES;
				CLANG_WARN_CONSTANT_CONVERSION = YES;
				CLANG_WARN_DEPRECATED_OBJC_IMPLEMENTATIONS = YES;
				CLANG_WARN_DIRECT_OBJC_ISA_USAGE = YES_ERROR;
				CLANG_WARN_DOCUMENTATION_COMMENTS = YES;
				CLANG_WARN_EMPTY_BODY = YES;
				CLANG_WARN_ENUM_CONVERSION = YES;
				CLANG_WARN_INFINITE_RECURSION = YES;
				CLANG_WARN_INT_CONVERSION = YES;
				CLANG_WARN_NON_LITERAL_NULL_CONVERSION = YES;
				CLANG_WARN_OBJC_IMPLICIT_RETAIN_SELF = YES;
				CLANG_WARN_OBJC_LITERAL_CONVERSION = YES;
				CLANG_WARN_OBJC_ROOT_CLASS = YES_ERROR;
				CLANG_WARN_QUOTED_INCLUDE_IN_FRAMEWORK_HEADER = YES;
				CLANG_WARN_RANGE_LOOP_ANALYSIS = YES;
				CLANG_WARN_STRICT_PROTOTYPES = YES;
				CLANG_WARN_SUSPICIOUS_MOVE = YES;
				CLANG_WARN_UNGUARDED_AVAILABILITY = YES_AGGRESSIVE;
				CLANG_WARN_UNREACHABLE_CODE = YES;
				CLANG_WARN__DUPLICATE_METHOD_MATCH = YES;
				COPY_PHASE_STRIP = NO;
				DEBUG_INFORMATION_FORMAT = "dwarf-with-dsym";
				ENABLE_NS_ASSERTIONS = NO;
				ENABLE_STRICT_OBJC_MSGSEND = YES;
				GCC_C_LANGUAGE_STANDARD = gnu11;
				GCC_NO_COMMON_BLOCKS = YES;
				GCC_WARN_64_TO_32_BIT_CONVERSION = YES;
				GCC_WARN_ABOUT_RETURN_TYPE = YES_ERROR;
				GCC_WARN_UNDECLARED_SELECTOR = YES;
				GCC_WARN_UNINITIALIZED_AUTOS = YES_AGGRESSIVE;
				GCC_WARN_UNUSED_FUNCTION = YES;
				GCC_WARN_UNUSED_VARIABLE = YES;
				IPHONEOS_DEPLOYMENT_TARGET = 16.4;
				MTL_ENABLE_DEBUG_INFO = NO;
				MTL_FAST_MATH = YES;
				SDKROOT = iphoneos;
				SWIFT_COMPILATION_MODE = wholemodule;
				SWIFT_OPTIMIZATION_LEVEL = "-O";
				VALIDATE_PRODUCT = YES;
			};
			name = Release;
		};
		2BF37F992A98B26000BD887D /* Debug */ = {
			isa = XCBuildConfiguration;
			buildSettings = {
				ASSETCATALOG_COMPILER_APPICON_NAME = AppIcon;
				ASSETCATALOG_COMPILER_GLOBAL_ACCENT_COLOR_NAME = AccentColor;
				CODE_SIGN_STYLE = Automatic;
				CURRENT_PROJECT_VERSION = 1;
				DEVELOPMENT_TEAM = MRR4U42KHN;
				GENERATE_INFOPLIST_FILE = YES;
				INFOPLIST_FILE = AvitoAssignment/Info.plist;
				INFOPLIST_KEY_UIApplicationSupportsIndirectInputEvents = YES;
				INFOPLIST_KEY_UILaunchStoryboardName = LaunchScreen;
				INFOPLIST_KEY_UISupportedInterfaceOrientations_iPad = "UIInterfaceOrientationPortrait UIInterfaceOrientationPortraitUpsideDown UIInterfaceOrientationLandscapeLeft UIInterfaceOrientationLandscapeRight";
				INFOPLIST_KEY_UISupportedInterfaceOrientations_iPhone = "UIInterfaceOrientationPortrait UIInterfaceOrientationLandscapeLeft UIInterfaceOrientationLandscapeRight";
				IPHONEOS_DEPLOYMENT_TARGET = 14.0;
				LD_RUNPATH_SEARCH_PATHS = (
					"$(inherited)",
					"@executable_path/Frameworks",
				);
				MARKETING_VERSION = 1.0;
				PRODUCT_BUNDLE_IDENTIFIER = kawabanga.AvitoAssignment;
				PRODUCT_NAME = "$(TARGET_NAME)";
				SWIFT_EMIT_LOC_STRINGS = YES;
				SWIFT_VERSION = 5.0;
				TARGETED_DEVICE_FAMILY = "1,2";
			};
			name = Debug;
		};
		2BF37F9A2A98B26000BD887D /* Release */ = {
			isa = XCBuildConfiguration;
			buildSettings = {
				ASSETCATALOG_COMPILER_APPICON_NAME = AppIcon;
				ASSETCATALOG_COMPILER_GLOBAL_ACCENT_COLOR_NAME = AccentColor;
				CODE_SIGN_STYLE = Automatic;
				CURRENT_PROJECT_VERSION = 1;
				DEVELOPMENT_TEAM = MRR4U42KHN;
				GENERATE_INFOPLIST_FILE = YES;
				INFOPLIST_FILE = AvitoAssignment/Info.plist;
				INFOPLIST_KEY_UIApplicationSupportsIndirectInputEvents = YES;
				INFOPLIST_KEY_UILaunchStoryboardName = LaunchScreen;
				INFOPLIST_KEY_UISupportedInterfaceOrientations_iPad = "UIInterfaceOrientationPortrait UIInterfaceOrientationPortraitUpsideDown UIInterfaceOrientationLandscapeLeft UIInterfaceOrientationLandscapeRight";
				INFOPLIST_KEY_UISupportedInterfaceOrientations_iPhone = "UIInterfaceOrientationPortrait UIInterfaceOrientationLandscapeLeft UIInterfaceOrientationLandscapeRight";
				IPHONEOS_DEPLOYMENT_TARGET = 14.0;
				LD_RUNPATH_SEARCH_PATHS = (
					"$(inherited)",
					"@executable_path/Frameworks",
				);
				MARKETING_VERSION = 1.0;
				PRODUCT_BUNDLE_IDENTIFIER = kawabanga.AvitoAssignment;
				PRODUCT_NAME = "$(TARGET_NAME)";
				SWIFT_EMIT_LOC_STRINGS = YES;
				SWIFT_VERSION = 5.0;
				TARGETED_DEVICE_FAMILY = "1,2";
			};
			name = Release;
		};
/* End XCBuildConfiguration section */

/* Begin XCConfigurationList section */
		2BF37F7F2A98B25C00BD887D /* Build configuration list for PBXProject "AvitoAssignment" */ = {
			isa = XCConfigurationList;
			buildConfigurations = (
				2BF37F962A98B26000BD887D /* Debug */,
				2BF37F972A98B26000BD887D /* Release */,
			);
			defaultConfigurationIsVisible = 0;
			defaultConfigurationName = Release;
		};
		2BF37F982A98B26000BD887D /* Build configuration list for PBXNativeTarget "AvitoAssignment" */ = {
			isa = XCConfigurationList;
			buildConfigurations = (
				2BF37F992A98B26000BD887D /* Debug */,
				2BF37F9A2A98B26000BD887D /* Release */,
			);
			defaultConfigurationIsVisible = 0;
			defaultConfigurationName = Release;
		};
/* End XCConfigurationList section */
	};
	rootObject = 2BF37F7C2A98B25C00BD887D /* Project object */;
}
